
Microsoft Visual Studio Solution File, Format Version 12.00
# Visual Studio Version 16
VisualStudioVersion = 16.0.30204.135
MinimumVisualStudioVersion = 10.0.40219.1
Project("{9A19103F-16F7-4668-BE54-9A1E7A4F7556}") = "kostky", "KostkaHra\kostky.csproj", "{1FC5C6DB-81B8-4EE9-9310-F23F7A24AE2B}"
EndProject
Global
	GlobalSection(SolutionConfigurationPlatforms) = preSolution
		Debug|Any CPU = Debug|Any CPU
		Release|Any CPU = Release|Any CPU
	EndGlobalSection
	GlobalSection(ProjectConfigurationPlatforms) = postSolution
		{1FC5C6DB-81B8-4EE9-9310-F23F7A24AE2B}.Debug|Any CPU.ActiveCfg = Debug|Any CPU
		{1FC5C6DB-81B8-4EE9-9310-F23F7A24AE2B}.Debug|Any CPU.Build.0 = Debug|Any CPU
		{1FC5C6DB-81B8-4EE9-9310-F23F7A24AE2B}.Release|Any CPU.ActiveCfg = Release|Any CPU
		{1FC5C6DB-81B8-4EE9-9310-F23F7A24AE2B}.Release|Any CPU.Build.0 = Release|Any CPU
	EndGlobalSection
	GlobalSection(SolutionProperties) = preSolution
		HideSolutionNode = FALSE
	EndGlobalSection
	GlobalSection(ExtensibilityGlobals) = postSolution
		SolutionGuid = {C37FAB8A-4585-4D5E-A7B4-01E0B85D5C4C}
	EndGlobalSection
EndGlobal
